
Microsoft Visual Studio Solution File, Format Version 12.00
# Visual Studio Version 17
VisualStudioVersion = 17.0.31903.59
MinimumVisualStudioVersion = 10.0.40219.1
Project("{2150E333-8FDC-42A3-9474-1A3956D46DE8}") = "Application", "Application", "{A74F262E-BDE7-D5D2-89E9-785413424D0A}"
EndProject
Project("{2150E333-8FDC-42A3-9474-1A3956D46DE8}") = "Core", "Core", "{FBF56CC3-7AE6-AD2D-3F14-7F97FD322CD6}"
EndProject
Project("{2150E333-8FDC-42A3-9474-1A3956D46DE8}") = "Domain", "Domain", "{996CEBED-A05B-5D42-3FF0-982E087A2599}"
EndProject
Project("{2150E333-8FDC-42A3-9474-1A3956D46DE8}") = "Infrastructure", "Infrastructure", "{DFEE68D8-A7D0-1A41-506C-9B74AA9A7B7B}"
EndProject
Project("{2150E333-8FDC-42A3-9474-1A3956D46DE8}") = "Presentation", "Presentation", "{06CFFD70-14AA-A959-A3BA-1B15D094E3B1}"
EndProject
Project("{FAE04EC0-301F-11D3-BF4B-00C04F79EFBC}") = "EsApp.Api", "Presentation\EsApp.Api\EsApp.Api.csproj", "{D0900F5C-7563-4BAC-B276-A1BD071AC607}"
EndProject
Project("{FAE04EC0-301F-11D3-BF4B-00C04F79EFBC}") = "EsApp.Application", "Application\EsApp.Application\EsApp.Application.csproj", "{DDC8750B-253E-417E-9CA2-E8D123F24040}"
EndProject
Project("{FAE04EC0-301F-11D3-BF4B-00C04F79EFBC}") = "EsApp.CROSS.Logger", "Core\EsApp.CROSS.Logger\EsApp.CROSS.Logger.csproj", "{87BDD601-CB40-4E47-AE28-A24962DE652A}"
EndProject
Project("{FAE04EC0-301F-11D3-BF4B-00C04F79EFBC}") = "EsApp.CROSS.Encrypt", "Core\EsApp.CROSS.Encrypt\EsApp.CROSS.Encrypt.csproj", "{4597E647-9379-4EC1-ACF7-791514E4718C}"
EndProject
Project("{FAE04EC0-301F-11D3-BF4B-00C04F79EFBC}") = "EsApp.CROSS.Shared", "Core\EsApp.CROSS.Shared\EsApp.CROSS.Shared.csproj", "{69156552-AB18-4FDD-8E3E-E953892B7AEE}"
EndProject
Project("{FAE04EC0-301F-11D3-BF4B-00C04F79EFBC}") = "EsApp.Domain", "Domain\EsApp.Domain\EsApp.Domain.csproj", "{9ECB4CDF-12D9-4E6A-B4DE-145E3C8E3263}"
EndProject
Project("{FAE04EC0-301F-11D3-BF4B-00C04F79EFBC}") = "EsApp.Authentication.JWT", "Infrastructure\EsApp.Authentication.JWT\EsApp.Authentication.JWT.csproj", "{F2847DF9-849D-4CBE-A82D-E3922AAA0595}"
EndProject
Project("{FAE04EC0-301F-11D3-BF4B-00C04F79EFBC}") = "EsApp.Persistence", "Infrastructure\EsApp.Persistence\EsApp.Persistence.csproj", "{AB430E7B-BCCC-4FC3-8344-F1C1347C4E48}"
EndProject
Project("{FAE04EC0-301F-11D3-BF4B-00C04F79EFBC}") = "EsApp.Api.Test", "Presentation\EsApp.Api.Test\EsApp.Api.Test.csproj", "{20590730-A379-4ADC-A1A4-FEC70CA5F89A}"
EndProject
Global
	GlobalSection(SolutionConfigurationPlatforms) = preSolution
		Debug|Any CPU = Debug|Any CPU
		Debug|x64 = Debug|x64
		Debug|x86 = Debug|x86
		Release|Any CPU = Release|Any CPU
		Release|x64 = Release|x64
		Release|x86 = Release|x86
	EndGlobalSection
	GlobalSection(ProjectConfigurationPlatforms) = postSolution
		{D0900F5C-7563-4BAC-B276-A1BD071AC607}.Debug|Any CPU.ActiveCfg = Debug|Any CPU
		{D0900F5C-7563-4BAC-B276-A1BD071AC607}.Debug|Any CPU.Build.0 = Debug|Any CPU
		{D0900F5C-7563-4BAC-B276-A1BD071AC607}.Debug|x64.ActiveCfg = Debug|Any CPU
		{D0900F5C-7563-4BAC-B276-A1BD071AC607}.Debug|x64.Build.0 = Debug|Any CPU
		{D0900F5C-7563-4BAC-B276-A1BD071AC607}.Debug|x86.ActiveCfg = Debug|Any CPU
		{D0900F5C-7563-4BAC-B276-A1BD071AC607}.Debug|x86.Build.0 = Debug|Any CPU
		{D0900F5C-7563-4BAC-B276-A1BD071AC607}.Release|Any CPU.ActiveCfg = Release|Any CPU
		{D0900F5C-7563-4BAC-B276-A1BD071AC607}.Release|Any CPU.Build.0 = Release|Any CPU
		{D0900F5C-7563-4BAC-B276-A1BD071AC607}.Release|x64.ActiveCfg = Release|Any CPU
		{D0900F5C-7563-4BAC-B276-A1BD071AC607}.Release|x64.Build.0 = Release|Any CPU
		{D0900F5C-7563-4BAC-B276-A1BD071AC607}.Release|x86.ActiveCfg = Release|Any CPU
		{D0900F5C-7563-4BAC-B276-A1BD071AC607}.Release|x86.Build.0 = Release|Any CPU
		{DDC8750B-253E-417E-9CA2-E8D123F24040}.Debug|Any CPU.ActiveCfg = Debug|Any CPU
		{DDC8750B-253E-417E-9CA2-E8D123F24040}.Debug|Any CPU.Build.0 = Debug|Any CPU
		{DDC8750B-253E-417E-9CA2-E8D123F24040}.Debug|x64.ActiveCfg = Debug|Any CPU
		{DDC8750B-253E-417E-9CA2-E8D123F24040}.Debug|x64.Build.0 = Debug|Any CPU
		{DDC8750B-253E-417E-9CA2-E8D123F24040}.Debug|x86.ActiveCfg = Debug|Any CPU
		{DDC8750B-253E-417E-9CA2-E8D123F24040}.Debug|x86.Build.0 = Debug|Any CPU
		{DDC8750B-253E-417E-9CA2-E8D123F24040}.Release|Any CPU.ActiveCfg = Release|Any CPU
		{DDC8750B-253E-417E-9CA2-E8D123F24040}.Release|Any CPU.Build.0 = Release|Any CPU
		{DDC8750B-253E-417E-9CA2-E8D123F24040}.Release|x64.ActiveCfg = Release|Any CPU
		{DDC8750B-253E-417E-9CA2-E8D123F24040}.Release|x64.Build.0 = Release|Any CPU
		{DDC8750B-253E-417E-9CA2-E8D123F24040}.Release|x86.ActiveCfg = Release|Any CPU
		{DDC8750B-253E-417E-9CA2-E8D123F24040}.Release|x86.Build.0 = Release|Any CPU
		{87BDD601-CB40-4E47-AE28-A24962DE652A}.Debug|Any CPU.ActiveCfg = Debug|Any CPU
		{87BDD601-CB40-4E47-AE28-A24962DE652A}.Debug|Any CPU.Build.0 = Debug|Any CPU
		{87BDD601-CB40-4E47-AE28-A24962DE652A}.Debug|x64.ActiveCfg = Debug|Any CPU
		{87BDD601-CB40-4E47-AE28-A24962DE652A}.Debug|x64.Build.0 = Debug|Any CPU
		{87BDD601-CB40-4E47-AE28-A24962DE652A}.Debug|x86.ActiveCfg = Debug|Any CPU
		{87BDD601-CB40-4E47-AE28-A24962DE652A}.Debug|x86.Build.0 = Debug|Any CPU
		{87BDD601-CB40-4E47-AE28-A24962DE652A}.Release|Any CPU.ActiveCfg = Release|Any CPU
		{87BDD601-CB40-4E47-AE28-A24962DE652A}.Release|Any CPU.Build.0 = Release|Any CPU
		{87BDD601-CB40-4E47-AE28-A24962DE652A}.Release|x64.ActiveCfg = Release|Any CPU
		{87BDD601-CB40-4E47-AE28-A24962DE652A}.Release|x64.Build.0 = Release|Any CPU
		{87BDD601-CB40-4E47-AE28-A24962DE652A}.Release|x86.ActiveCfg = Release|Any CPU
		{87BDD601-CB40-4E47-AE28-A24962DE652A}.Release|x86.Build.0 = Release|Any CPU
		{4597E647-9379-4EC1-ACF7-791514E4718C}.Debug|Any CPU.ActiveCfg = Debug|Any CPU
		{4597E647-9379-4EC1-ACF7-791514E4718C}.Debug|Any CPU.Build.0 = Debug|Any CPU
		{4597E647-9379-4EC1-ACF7-791514E4718C}.Debug|x64.ActiveCfg = Debug|Any CPU
		{4597E647-9379-4EC1-ACF7-791514E4718C}.Debug|x64.Build.0 = Debug|Any CPU
		{4597E647-9379-4EC1-ACF7-791514E4718C}.Debug|x86.ActiveCfg = Debug|Any CPU
		{4597E647-9379-4EC1-ACF7-791514E4718C}.Debug|x86.Build.0 = Debug|Any CPU
		{4597E647-9379-4EC1-ACF7-791514E4718C}.Release|Any CPU.ActiveCfg = Release|Any CPU
		{4597E647-9379-4EC1-ACF7-791514E4718C}.Release|Any CPU.Build.0 = Release|Any CPU
		{4597E647-9379-4EC1-ACF7-791514E4718C}.Release|x64.ActiveCfg = Release|Any CPU
		{4597E647-9379-4EC1-ACF7-791514E4718C}.Release|x64.Build.0 = Release|Any CPU
		{4597E647-9379-4EC1-ACF7-791514E4718C}.Release|x86.ActiveCfg = Release|Any CPU
		{4597E647-9379-4EC1-ACF7-791514E4718C}.Release|x86.Build.0 = Release|Any CPU
		{69156552-AB18-4FDD-8E3E-E953892B7AEE}.Debug|Any CPU.ActiveCfg = Debug|Any CPU
		{69156552-AB18-4FDD-8E3E-E953892B7AEE}.Debug|Any CPU.Build.0 = Debug|Any CPU
		{69156552-AB18-4FDD-8E3E-E953892B7AEE}.Debug|x64.ActiveCfg = Debug|Any CPU
		{69156552-AB18-4FDD-8E3E-E953892B7AEE}.Debug|x64.Build.0 = Debug|Any CPU
		{69156552-AB18-4FDD-8E3E-E953892B7AEE}.Debug|x86.ActiveCfg = Debug|Any CPU
		{69156552-AB18-4FDD-8E3E-E953892B7AEE}.Debug|x86.Build.0 = Debug|Any CPU
		{69156552-AB18-4FDD-8E3E-E953892B7AEE}.Release|Any CPU.ActiveCfg = Release|Any CPU
		{69156552-AB18-4FDD-8E3E-E953892B7AEE}.Release|Any CPU.Build.0 = Release|Any CPU
		{69156552-AB18-4FDD-8E3E-E953892B7AEE}.Release|x64.ActiveCfg = Release|Any CPU
		{69156552-AB18-4FDD-8E3E-E953892B7AEE}.Release|x64.Build.0 = Release|Any CPU
		{69156552-AB18-4FDD-8E3E-E953892B7AEE}.Release|x86.ActiveCfg = Release|Any CPU
		{69156552-AB18-4FDD-8E3E-E953892B7AEE}.Release|x86.Build.0 = Release|Any CPU
		{9ECB4CDF-12D9-4E6A-B4DE-145E3C8E3263}.Debug|Any CPU.ActiveCfg = Debug|Any CPU
		{9ECB4CDF-12D9-4E6A-B4DE-145E3C8E3263}.Debug|Any CPU.Build.0 = Debug|Any CPU
		{9ECB4CDF-12D9-4E6A-B4DE-145E3C8E3263}.Debug|x64.ActiveCfg = Debug|Any CPU
		{9ECB4CDF-12D9-4E6A-B4DE-145E3C8E3263}.Debug|x64.Build.0 = Debug|Any CPU
		{9ECB4CDF-12D9-4E6A-B4DE-145E3C8E3263}.Debug|x86.ActiveCfg = Debug|Any CPU
		{9ECB4CDF-12D9-4E6A-B4DE-145E3C8E3263}.Debug|x86.Build.0 = Debug|Any CPU
		{9ECB4CDF-12D9-4E6A-B4DE-145E3C8E3263}.Release|Any CPU.ActiveCfg = Release|Any CPU
		{9ECB4CDF-12D9-4E6A-B4DE-145E3C8E3263}.Release|Any CPU.Build.0 = Release|Any CPU
		{9ECB4CDF-12D9-4E6A-B4DE-145E3C8E3263}.Release|x64.ActiveCfg = Release|Any CPU
		{9ECB4CDF-12D9-4E6A-B4DE-145E3C8E3263}.Release|x64.Build.0 = Release|Any CPU
		{9ECB4CDF-12D9-4E6A-B4DE-145E3C8E3263}.Release|x86.ActiveCfg = Release|Any CPU
		{9ECB4CDF-12D9-4E6A-B4DE-145E3C8E3263}.Release|x86.Build.0 = Release|Any CPU
		{F2847DF9-849D-4CBE-A82D-E3922AAA0595}.Debug|Any CPU.ActiveCfg = Debug|Any CPU
		{F2847DF9-849D-4CBE-A82D-E3922AAA0595}.Debug|Any CPU.Build.0 = Debug|Any CPU
		{F2847DF9-849D-4CBE-A82D-E3922AAA0595}.Debug|x64.ActiveCfg = Debug|Any CPU
		{F2847DF9-849D-4CBE-A82D-E3922AAA0595}.Debug|x64.Build.0 = Debug|Any CPU
		{F2847DF9-849D-4CBE-A82D-E3922AAA0595}.Debug|x86.ActiveCfg = Debug|Any CPU
		{F2847DF9-849D-4CBE-A82D-E3922AAA0595}.Debug|x86.Build.0 = Debug|Any CPU
		{F2847DF9-849D-4CBE-A82D-E3922AAA0595}.Release|Any CPU.ActiveCfg = Release|Any CPU
		{F2847DF9-849D-4CBE-A82D-E3922AAA0595}.Release|Any CPU.Build.0 = Release|Any CPU
		{F2847DF9-849D-4CBE-A82D-E3922AAA0595}.Release|x64.ActiveCfg = Release|Any CPU
		{F2847DF9-849D-4CBE-A82D-E3922AAA0595}.Release|x64.Build.0 = Release|Any CPU
		{F2847DF9-849D-4CBE-A82D-E3922AAA0595}.Release|x86.ActiveCfg = Release|Any CPU
		{F2847DF9-849D-4CBE-A82D-E3922AAA0595}.Release|x86.Build.0 = Release|Any CPU
		{AB430E7B-BCCC-4FC3-8344-F1C1347C4E48}.Debug|Any CPU.ActiveCfg = Debug|Any CPU
		{AB430E7B-BCCC-4FC3-8344-F1C1347C4E48}.Debug|Any CPU.Build.0 = Debug|Any CPU
		{AB430E7B-BCCC-4FC3-8344-F1C1347C4E48}.Debug|x64.ActiveCfg = Debug|Any CPU
		{AB430E7B-BCCC-4FC3-8344-F1C1347C4E48}.Debug|x64.Build.0 = Debug|Any CPU
		{AB430E7B-BCCC-4FC3-8344-F1C1347C4E48}.Debug|x86.ActiveCfg = Debug|Any CPU
		{AB430E7B-BCCC-4FC3-8344-F1C1347C4E48}.Debug|x86.Build.0 = Debug|Any CPU
		{AB430E7B-BCCC-4FC3-8344-F1C1347C4E48}.Release|Any CPU.ActiveCfg = Release|Any CPU
		{AB430E7B-BCCC-4FC3-8344-F1C1347C4E48}.Release|Any CPU.Build.0 = Release|Any CPU
		{AB430E7B-BCCC-4FC3-8344-F1C1347C4E48}.Release|x64.ActiveCfg = Release|Any CPU
		{AB430E7B-BCCC-4FC3-8344-F1C1347C4E48}.Release|x64.Build.0 = Release|Any CPU
		{AB430E7B-BCCC-4FC3-8344-F1C1347C4E48}.Release|x86.ActiveCfg = Release|Any CPU
		{AB430E7B-BCCC-4FC3-8344-F1C1347C4E48}.Release|x86.Build.0 = Release|Any CPU
		{20590730-A379-4ADC-A1A4-FEC70CA5F89A}.Debug|Any CPU.ActiveCfg = Debug|Any CPU
		{20590730-A379-4ADC-A1A4-FEC70CA5F89A}.Debug|Any CPU.Build.0 = Debug|Any CPU
		{20590730-A379-4ADC-A1A4-FEC70CA5F89A}.Debug|x64.ActiveCfg = Debug|Any CPU
		{20590730-A379-4ADC-A1A4-FEC70CA5F89A}.Debug|x64.Build.0 = Debug|Any CPU
		{20590730-A379-4ADC-A1A4-FEC70CA5F89A}.Debug|x86.ActiveCfg = Debug|Any CPU
		{20590730-A379-4ADC-A1A4-FEC70CA5F89A}.Debug|x86.Build.0 = Debug|Any CPU
		{20590730-A379-4ADC-A1A4-FEC70CA5F89A}.Release|Any CPU.ActiveCfg = Release|Any CPU
		{20590730-A379-4ADC-A1A4-FEC70CA5F89A}.Release|Any CPU.Build.0 = Release|Any CPU
		{20590730-A379-4ADC-A1A4-FEC70CA5F89A}.Release|x64.ActiveCfg = Release|Any CPU
		{20590730-A379-4ADC-A1A4-FEC70CA5F89A}.Release|x64.Build.0 = Release|Any CPU
		{20590730-A379-4ADC-A1A4-FEC70CA5F89A}.Release|x86.ActiveCfg = Release|Any CPU
		{20590730-A379-4ADC-A1A4-FEC70CA5F89A}.Release|x86.Build.0 = Release|Any CPU
	EndGlobalSection
	GlobalSection(SolutionProperties) = preSolution
		HideSolutionNode = FALSE
	EndGlobalSection
	GlobalSection(NestedProjects) = preSolution
		{D0900F5C-7563-4BAC-B276-A1BD071AC607} = {06CFFD70-14AA-A959-A3BA-1B15D094E3B1}
		{DDC8750B-253E-417E-9CA2-E8D123F24040} = {A74F262E-BDE7-D5D2-89E9-785413424D0A}
		{87BDD601-CB40-4E47-AE28-A24962DE652A} = {FBF56CC3-7AE6-AD2D-3F14-7F97FD322CD6}
		{4597E647-9379-4EC1-ACF7-791514E4718C} = {FBF56CC3-7AE6-AD2D-3F14-7F97FD322CD6}
		{69156552-AB18-4FDD-8E3E-E953892B7AEE} = {FBF56CC3-7AE6-AD2D-3F14-7F97FD322CD6}
		{9ECB4CDF-12D9-4E6A-B4DE-145E3C8E3263} = {996CEBED-A05B-5D42-3FF0-982E087A2599}
		{F2847DF9-849D-4CBE-A82D-E3922AAA0595} = {DFEE68D8-A7D0-1A41-506C-9B74AA9A7B7B}
		{AB430E7B-BCCC-4FC3-8344-F1C1347C4E48} = {DFEE68D8-A7D0-1A41-506C-9B74AA9A7B7B}
		{20590730-A379-4ADC-A1A4-FEC70CA5F89A} = {06CFFD70-14AA-A959-A3BA-1B15D094E3B1}
	EndGlobalSection
EndGlobal
